
Microsoft Visual Studio Solution File, Format Version 12.00
# Visual Studio 15
VisualStudioVersion = 15.0.28307.1000
MinimumVisualStudioVersion = 10.0.40219.1
Project("{FAE04EC0-301F-11D3-BF4B-00C04F79EFBC}") = "SwedbankPayPaymentAPI", "SwedbankPayPaymentAPI\SwedbankPayPaymentAPI.csproj", "{BE4F226A-1DC9-4B47-A618-0E3A4BD6C6D6}"
EndProject
Global
	GlobalSection(SolutionConfigurationPlatforms) = preSolution
		Debug|Any CPU = Debug|Any CPU
		Release|Any CPU = Release|Any CPU
	EndGlobalSection
	GlobalSection(ProjectConfigurationPlatforms) = postSolution
		{BE4F226A-1DC9-4B47-A618-0E3A4BD6C6D6}.Debug|Any CPU.ActiveCfg = Debug|Any CPU
		{BE4F226A-1DC9-4B47-A618-0E3A4BD6C6D6}.Debug|Any CPU.Build.0 = Debug|Any CPU
		{BE4F226A-1DC9-4B47-A618-0E3A4BD6C6D6}.Release|Any CPU.ActiveCfg = Release|Any CPU
		{BE4F226A-1DC9-4B47-A618-0E3A4BD6C6D6}.Release|Any CPU.Build.0 = Release|Any CPU
	EndGlobalSection
	GlobalSection(SolutionProperties) = preSolution
		HideSolutionNode = FALSE
	EndGlobalSection
	GlobalSection(ExtensibilityGlobals) = postSolution
		SolutionGuid = {FB359009-60FE-4047-BE47-F074FE179F06}
	EndGlobalSection
EndGlobal
